// !$*UTF8*$!
{
	archiveVersion = 1;
	classes = {
	};
	objectVersion = 77;
	objects = {

/* Begin PBXBuildFile section */
		08AA33A0EB1B4484FBEF75BE /* UpNextCore in Frameworks */ = {isa = PBXBuildFile; productRef = 30E215AD4424833A114FC681 /* UpNextCore */; };
		36570144600FAB19FA137C57 /* StringExtensionTests.swift in Sources */ = {isa = PBXBuildFile; fileRef = F4D46F0C27185A9E86E4F6D1 /* StringExtensionTests.swift */; };
		3E95D6E414F3FCDDF3B2476A /* MenuBarViewModelTests.swift in Sources */ = {isa = PBXBuildFile; fileRef = BD876A0AE60C85976DB2AFC5 /* MenuBarViewModelTests.swift */; };
		72C0BDB5E2CD630390C6FD7E /* UpNextApp.swift in Sources */ = {isa = PBXBuildFile; fileRef = BF4622FF8AA10912132C9877 /* UpNextApp.swift */; };
		7C10FE1EB86207621558F178 /* Assets.xcassets in Resources */ = {isa = PBXBuildFile; fileRef = 801A084FF0CF4242218ABD7C /* Assets.xcassets */; };
		B96995E58313C907FD7BD9CA /* ScreenshotGenerationTests.swift in Sources */ = {isa = PBXBuildFile; fileRef = 00835B511F426B56AEBFCED9 /* ScreenshotGenerationTests.swift */; };
		D34B667C5F5049692709E724 /* CalendarManagerTests.swift in Sources */ = {isa = PBXBuildFile; fileRef = 63D478FF5790CC88D5413F4B /* CalendarManagerTests.swift */; };
		FDDFAC6823D7D05FB8EAD964 /* UpNextCore in Frameworks */ = {isa = PBXBuildFile; productRef = 2FC720BDBB91926ACF8142CE /* UpNextCore */; };
/* End PBXBuildFile section */

/* Begin PBXFileReference section */
		00835B511F426B56AEBFCED9 /* ScreenshotGenerationTests.swift */ = {isa = PBXFileReference; lastKnownFileType = sourcecode.swift; path = ScreenshotGenerationTests.swift; sourceTree = "<group>"; };
		63D478FF5790CC88D5413F4B /* CalendarManagerTests.swift */ = {isa = PBXFileReference; lastKnownFileType = sourcecode.swift; path = CalendarManagerTests.swift; sourceTree = "<group>"; };
		672FB5D2AF3642B434518EBA /* UpNextTests.xctest */ = {isa = PBXFileReference; explicitFileType = wrapper.cfbundle; includeInIndex = 0; path = UpNextTests.xctest; sourceTree = BUILT_PRODUCTS_DIR; };
		801A084FF0CF4242218ABD7C /* Assets.xcassets */ = {isa = PBXFileReference; lastKnownFileType = folder.assetcatalog; path = Assets.xcassets; sourceTree = "<group>"; };
		BD876A0AE60C85976DB2AFC5 /* MenuBarViewModelTests.swift */ = {isa = PBXFileReference; lastKnownFileType = sourcecode.swift; path = MenuBarViewModelTests.swift; sourceTree = "<group>"; };
		BF4622FF8AA10912132C9877 /* UpNextApp.swift */ = {isa = PBXFileReference; lastKnownFileType = sourcecode.swift; path = UpNextApp.swift; sourceTree = "<group>"; };
		C7D8EECCA285D1561DDFF1DD /* UpNext.app */ = {isa = PBXFileReference; explicitFileType = wrapper.application; includeInIndex = 0; path = UpNext.app; sourceTree = BUILT_PRODUCTS_DIR; };
		C80BCD6A9AFDD69B90812022 /* UpNext */ = {isa = PBXFileReference; lastKnownFileType = folder; name = UpNext; path = .; sourceTree = SOURCE_ROOT; };
		F4D46F0C27185A9E86E4F6D1 /* StringExtensionTests.swift */ = {isa = PBXFileReference; lastKnownFileType = sourcecode.swift; path = StringExtensionTests.swift; sourceTree = "<group>"; };
/* End PBXFileReference section */

/* Begin PBXFrameworksBuildPhase section */
		25EF667D3A0A96F0842AA4A5 /* Frameworks */ = {
			isa = PBXFrameworksBuildPhase;
			buildActionMask = 2147483647;
			files = (
				08AA33A0EB1B4484FBEF75BE /* UpNextCore in Frameworks */,
			);
			runOnlyForDeploymentPostprocessing = 0;
		};
		C226BCE406554FA28DF9C335 /* Frameworks */ = {
			isa = PBXFrameworksBuildPhase;
			buildActionMask = 2147483647;
			files = (
				FDDFAC6823D7D05FB8EAD964 /* UpNextCore in Frameworks */,
			);
			runOnlyForDeploymentPostprocessing = 0;
		};
/* End PBXFrameworksBuildPhase section */

/* Begin PBXGroup section */
		046683BC126B730A854DB9C5 /* Products */ = {
			isa = PBXGroup;
			children = (
				C7D8EECCA285D1561DDFF1DD /* UpNext.app */,
				672FB5D2AF3642B434518EBA /* UpNextTests.xctest */,
			);
			name = Products;
			sourceTree = "<group>";
		};
		4184886028EEB2175FCD6ACC /* UpNext */ = {
			isa = PBXGroup;
			children = (
				BF4622FF8AA10912132C9877 /* UpNextApp.swift */,
				BB1F61BF26578599EC2602B4 /* Resources */,
			);
			path = UpNext;
			sourceTree = "<group>";
		};
		6F8B14BEEC9224227E128327 /* UpNextTests */ = {
			isa = PBXGroup;
			children = (
				63D478FF5790CC88D5413F4B /* CalendarManagerTests.swift */,
				BD876A0AE60C85976DB2AFC5 /* MenuBarViewModelTests.swift */,
				00835B511F426B56AEBFCED9 /* ScreenshotGenerationTests.swift */,
				F4D46F0C27185A9E86E4F6D1 /* StringExtensionTests.swift */,
			);
			path = UpNextTests;
			sourceTree = "<group>";
		};
		BB1F61BF26578599EC2602B4 /* Resources */ = {
			isa = PBXGroup;
			children = (
				801A084FF0CF4242218ABD7C /* Assets.xcassets */,
			);
			path = Resources;
			sourceTree = "<group>";
		};
		EB7FBB81C000A1D6395B26EC /* Packages */ = {
			isa = PBXGroup;
			children = (
				C80BCD6A9AFDD69B90812022 /* UpNext */,
			);
			name = Packages;
			sourceTree = "<group>";
		};
		FA9A6589A9D3ABA9CA643EB9 = {
			isa = PBXGroup;
			children = (
				EB7FBB81C000A1D6395B26EC /* Packages */,
				4184886028EEB2175FCD6ACC /* UpNext */,
				6F8B14BEEC9224227E128327 /* UpNextTests */,
				046683BC126B730A854DB9C5 /* Products */,
			);
			sourceTree = "<group>";
		};
/* End PBXGroup section */

/* Begin PBXNativeTarget section */
		0E2C9D7A3B38CC0803C3E50D /* UpNext */ = {
			isa = PBXNativeTarget;
			buildConfigurationList = 10813713E2E716E587ED95F6 /* Build configuration list for PBXNativeTarget "UpNext" */;
			buildPhases = (
				C5DD2E54C7E5C038DED521DA /* Sources */,
				BA63D6D9364279556596412C /* Resources */,
				25EF667D3A0A96F0842AA4A5 /* Frameworks */,
			);
			buildRules = (
			);
			dependencies = (
			);
			name = UpNext;
			packageProductDependencies = (
				30E215AD4424833A114FC681 /* UpNextCore */,
			);
			productName = UpNext;
			productReference = C7D8EECCA285D1561DDFF1DD /* UpNext.app */;
			productType = "com.apple.product-type.application";
		};
		36CE21AF7035480676BCFD9D /* UpNextTests */ = {
			isa = PBXNativeTarget;
			buildConfigurationList = 70E9813DADB1460E83EB4902 /* Build configuration list for PBXNativeTarget "UpNextTests" */;
			buildPhases = (
				316076E0F7775EC80E2E36D7 /* Sources */,
				C226BCE406554FA28DF9C335 /* Frameworks */,
			);
			buildRules = (
			);
			dependencies = (
			);
			name = UpNextTests;
			packageProductDependencies = (
				2FC720BDBB91926ACF8142CE /* UpNextCore */,
			);
			productName = UpNextTests;
			productReference = 672FB5D2AF3642B434518EBA /* UpNextTests.xctest */;
			productType = "com.apple.product-type.bundle.unit-test";
		};
/* End PBXNativeTarget section */

/* Begin PBXProject section */
		CE5EDB827C540082068BDA99 /* Project object */ = {
			isa = PBXProject;
			attributes = {
				BuildIndependentTargetsInParallel = YES;
				LastUpgradeCheck = 1600;
				TargetAttributes = {
					0E2C9D7A3B38CC0803C3E50D = {
						ProvisioningStyle = Automatic;
					};
				};
			};
			buildConfigurationList = 7525BEF195043BA7B8C21931 /* Build configuration list for PBXProject "UpNext" */;
			compatibilityVersion = "Xcode 14.0";
			developmentRegion = en;
			hasScannedForEncodings = 0;
			knownRegions = (
				Base,
				en,
			);
			mainGroup = FA9A6589A9D3ABA9CA643EB9;
			minimizedProjectReferenceProxies = 1;
			packageReferences = (
				5B799306E80BC62889B6F7A6 /* XCLocalSwiftPackageReference "." */,
			);
			preferredProjectObjectVersion = 77;
			projectDirPath = "";
			projectRoot = "";
			targets = (
				0E2C9D7A3B38CC0803C3E50D /* UpNext */,
				36CE21AF7035480676BCFD9D /* UpNextTests */,
			);
		};
/* End PBXProject section */

/* Begin PBXResourcesBuildPhase section */
		BA63D6D9364279556596412C /* Resources */ = {
			isa = PBXResourcesBuildPhase;
			buildActionMask = 2147483647;
			files = (
				7C10FE1EB86207621558F178 /* Assets.xcassets in Resources */,
			);
			runOnlyForDeploymentPostprocessing = 0;
		};
/* End PBXResourcesBuildPhase section */

/* Begin PBXSourcesBuildPhase section */
		316076E0F7775EC80E2E36D7 /* Sources */ = {
			isa = PBXSourcesBuildPhase;
			buildActionMask = 2147483647;
			files = (
				D34B667C5F5049692709E724 /* CalendarManagerTests.swift in Sources */,
				3E95D6E414F3FCDDF3B2476A /* MenuBarViewModelTests.swift in Sources */,
				B96995E58313C907FD7BD9CA /* ScreenshotGenerationTests.swift in Sources */,
				36570144600FAB19FA137C57 /* StringExtensionTests.swift in Sources */,
			);
			runOnlyForDeploymentPostprocessing = 0;
		};
		C5DD2E54C7E5C038DED521DA /* Sources */ = {
			isa = PBXSourcesBuildPhase;
			buildActionMask = 2147483647;
			files = (
				72C0BDB5E2CD630390C6FD7E /* UpNextApp.swift in Sources */,
			);
			runOnlyForDeploymentPostprocessing = 0;
		};
/* End PBXSourcesBuildPhase section */

/* Begin XCBuildConfiguration section */
		06D59E609097F17099D5B255 /* Release */ = {
			isa = XCBuildConfiguration;
			buildSettings = {
				ASSETCATALOG_COMPILER_APPICON_NAME = AppIcon;
				ASSETCATALOG_COMPILER_GLOBAL_ACCENT_COLOR_NAME = AccentColor;
				CODE_SIGN_ENTITLEMENTS = UpNext/Resources/UpNext.entitlements;
				CODE_SIGN_STYLE = Automatic;
				COMBINE_HIDPI_IMAGES = YES;
				CURRENT_PROJECT_VERSION = 1;
				ENABLE_HARDENED_RUNTIME = YES;
				GENERATE_INFOPLIST_FILE = NO;
				INFOPLIST_FILE = UpNext/Resources/Info.plist;
				LD_RUNPATH_SEARCH_PATHS = (
					"$(inherited)",
					"@executable_path/../Frameworks",
				);
				MARKETING_VERSION = 1.0.0;
				PRODUCT_BUNDLE_IDENTIFIER = com.srichand.UpNext;
				PRODUCT_NAME = UpNext;
				SDKROOT = macosx;
				SWIFT_EMIT_LOC_STRINGS = YES;
				SWIFT_STRICT_CONCURRENCY = complete;
			};
			name = Release;
		};
		3919862D1E1845900FD8A6F8 /* Release */ = {
			isa = XCBuildConfiguration;
			buildSettings = {
				ALWAYS_SEARCH_USER_PATHS = NO;
				CLANG_ANALYZER_NONNULL = YES;
				CLANG_ANALYZER_NUMBER_OBJECT_CONVERSION = YES_AGGRESSIVE;
				CLANG_CXX_LANGUAGE_STANDARD = "gnu++14";
				CLANG_CXX_LIBRARY = "libc++";
				CLANG_ENABLE_MODULES = YES;
				CLANG_ENABLE_OBJC_ARC = YES;
				CLANG_ENABLE_OBJC_WEAK = YES;
				CLANG_WARN_BLOCK_CAPTURE_AUTORELEASING = YES;
				CLANG_WARN_BOOL_CONVERSION = YES;
				CLANG_WARN_COMMA = YES;
				CLANG_WARN_CONSTANT_CONVERSION = YES;
				CLANG_WARN_DEPRECATED_OBJC_IMPLEMENTATIONS = YES;
				CLANG_WARN_DIRECT_OBJC_ISA_USAGE = YES_ERROR;
				CLANG_WARN_DOCUMENTATION_COMMENTS = YES;
				CLANG_WARN_EMPTY_BODY = YES;
				CLANG_WARN_ENUM_CONVERSION = YES;
				CLANG_WARN_INFINITE_RECURSION = YES;
				CLANG_WARN_INT_CONVERSION = YES;
				CLANG_WARN_NON_LITERAL_NULL_CONVERSION = YES;
				CLANG_WARN_OBJC_IMPLICIT_RETAIN_SELF = YES;
				CLANG_WARN_OBJC_LITERAL_CONVERSION = YES;
				CLANG_WARN_OBJC_ROOT_CLASS = YES_ERROR;
				CLANG_WARN_QUOTED_INCLUDE_IN_FRAMEWORK_HEADER = YES;
				CLANG_WARN_RANGE_LOOP_ANALYSIS = YES;
				CLANG_WARN_STRICT_PROTOTYPES = YES;
				CLANG_WARN_SUSPICIOUS_MOVE = YES;
				CLANG_WARN_UNGUARDED_AVAILABILITY = YES_AGGRESSIVE;
				CLANG_WARN_UNREACHABLE_CODE = YES;
				CLANG_WARN__DUPLICATE_METHOD_MATCH = YES;
				COPY_PHASE_STRIP = NO;
				DEBUG_INFORMATION_FORMAT = "dwarf-with-dsym";
				ENABLE_NS_ASSERTIONS = NO;
				ENABLE_STRICT_OBJC_MSGSEND = YES;
				GCC_C_LANGUAGE_STANDARD = gnu11;
				GCC_NO_COMMON_BLOCKS = YES;
				GCC_WARN_64_TO_32_BIT_CONVERSION = YES;
				GCC_WARN_ABOUT_RETURN_TYPE = YES_ERROR;
				GCC_WARN_UNDECLARED_SELECTOR = YES;
				GCC_WARN_UNINITIALIZED_AUTOS = YES_AGGRESSIVE;
				GCC_WARN_UNUSED_FUNCTION = YES;
				GCC_WARN_UNUSED_VARIABLE = YES;
				MACOSX_DEPLOYMENT_TARGET = 14.0;
				MTL_ENABLE_DEBUG_INFO = NO;
				MTL_FAST_MATH = YES;
				PRODUCT_NAME = "$(TARGET_NAME)";
				SDKROOT = macosx;
				SWIFT_COMPILATION_MODE = wholemodule;
				SWIFT_OPTIMIZATION_LEVEL = "-O";
				SWIFT_VERSION = 6.0;
			};
			name = Release;
		};
		58254E7CF877C1F9455033BE /* Debug */ = {
			isa = XCBuildConfiguration;
			buildSettings = {
				ALWAYS_SEARCH_USER_PATHS = NO;
				CLANG_ANALYZER_NONNULL = YES;
				CLANG_ANALYZER_NUMBER_OBJECT_CONVERSION = YES_AGGRESSIVE;
				CLANG_CXX_LANGUAGE_STANDARD = "gnu++14";
				CLANG_CXX_LIBRARY = "libc++";
				CLANG_ENABLE_MODULES = YES;
				CLANG_ENABLE_OBJC_ARC = YES;
				CLANG_ENABLE_OBJC_WEAK = YES;
				CLANG_WARN_BLOCK_CAPTURE_AUTORELEASING = YES;
				CLANG_WARN_BOOL_CONVERSION = YES;
				CLANG_WARN_COMMA = YES;
				CLANG_WARN_CONSTANT_CONVERSION = YES;
				CLANG_WARN_DEPRECATED_OBJC_IMPLEMENTATIONS = YES;
				CLANG_WARN_DIRECT_OBJC_ISA_USAGE = YES_ERROR;
				CLANG_WARN_DOCUMENTATION_COMMENTS = YES;
				CLANG_WARN_EMPTY_BODY = YES;
				CLANG_WARN_ENUM_CONVERSION = YES;
				CLANG_WARN_INFINITE_RECURSION = YES;
				CLANG_WARN_INT_CONVERSION = YES;
				CLANG_WARN_NON_LITERAL_NULL_CONVERSION = YES;
				CLANG_WARN_OBJC_IMPLICIT_RETAIN_SELF = YES;
				CLANG_WARN_OBJC_LITERAL_CONVERSION = YES;
				CLANG_WARN_OBJC_ROOT_CLASS = YES_ERROR;
				CLANG_WARN_QUOTED_INCLUDE_IN_FRAMEWORK_HEADER = YES;
				CLANG_WARN_RANGE_LOOP_ANALYSIS = YES;
				CLANG_WARN_STRICT_PROTOTYPES = YES;
				CLANG_WARN_SUSPICIOUS_MOVE = YES;
				CLANG_WARN_UNGUARDED_AVAILABILITY = YES_AGGRESSIVE;
				CLANG_WARN_UNREACHABLE_CODE = YES;
				CLANG_WARN__DUPLICATE_METHOD_MATCH = YES;
				COPY_PHASE_STRIP = NO;
				DEBUG_INFORMATION_FORMAT = dwarf;
				ENABLE_STRICT_OBJC_MSGSEND = YES;
				ENABLE_TESTABILITY = YES;
				GCC_C_LANGUAGE_STANDARD = gnu11;
				GCC_DYNAMIC_NO_PIC = NO;
				GCC_NO_COMMON_BLOCKS = YES;
				GCC_OPTIMIZATION_LEVEL = 0;
				GCC_PREPROCESSOR_DEFINITIONS = (
					"$(inherited)",
					"DEBUG=1",
				);
				GCC_WARN_64_TO_32_BIT_CONVERSION = YES;
				GCC_WARN_ABOUT_RETURN_TYPE = YES_ERROR;
				GCC_WARN_UNDECLARED_SELECTOR = YES;
				GCC_WARN_UNINITIALIZED_AUTOS = YES_AGGRESSIVE;
				GCC_WARN_UNUSED_FUNCTION = YES;
				GCC_WARN_UNUSED_VARIABLE = YES;
				MACOSX_DEPLOYMENT_TARGET = 14.0;
				MTL_ENABLE_DEBUG_INFO = INCLUDE_SOURCE;
				MTL_FAST_MATH = YES;
				ONLY_ACTIVE_ARCH = YES;
				PRODUCT_NAME = "$(TARGET_NAME)";
				SDKROOT = macosx;
				SWIFT_ACTIVE_COMPILATION_CONDITIONS = DEBUG;
				SWIFT_OPTIMIZATION_LEVEL = "-Onone";
				SWIFT_VERSION = 6.0;
			};
			name = Debug;
		};
		67EF0B7A5B75238F852458D7 /* Debug */ = {
			isa = XCBuildConfiguration;
			buildSettings = {
				ASSETCATALOG_COMPILER_APPICON_NAME = AppIcon;
				ASSETCATALOG_COMPILER_GLOBAL_ACCENT_COLOR_NAME = AccentColor;
				CODE_SIGN_ENTITLEMENTS = UpNext/Resources/UpNext.entitlements;
				CODE_SIGN_STYLE = Automatic;
				COMBINE_HIDPI_IMAGES = YES;
				CURRENT_PROJECT_VERSION = 1;
				ENABLE_HARDENED_RUNTIME = YES;
				GENERATE_INFOPLIST_FILE = NO;
				INFOPLIST_FILE = UpNext/Resources/Info.plist;
				LD_RUNPATH_SEARCH_PATHS = (
					"$(inherited)",
					"@executable_path/../Frameworks",
				);
				MARKETING_VERSION = 1.0.0;
				PRODUCT_BUNDLE_IDENTIFIER = com.srichand.UpNext;
				PRODUCT_NAME = UpNext;
				SDKROOT = macosx;
				SWIFT_EMIT_LOC_STRINGS = YES;
				SWIFT_STRICT_CONCURRENCY = complete;
			};
			name = Debug;
		};
		7EB08C2BE98256CFCC210E3B /* Debug */ = {
			isa = XCBuildConfiguration;
			buildSettings = {
				BUNDLE_LOADER = "";
				COMBINE_HIDPI_IMAGES = YES;
				GENERATE_INFOPLIST_FILE = YES;
				LD_RUNPATH_SEARCH_PATHS = (
					"$(inherited)",
					"@executable_path/../Frameworks",
					"@loader_path/../Frameworks",
				);
				PRODUCT_BUNDLE_IDENTIFIER = com.srichand.UpNextTests;
				SDKROOT = macosx;
				TEST_HOST = "";
			};
			name = Debug;
		};
		8F1C34E489C6AAADD7D27658 /* Release */ = {
			isa = XCBuildConfiguration;
			buildSettings = {
				BUNDLE_LOADER = "";
				COMBINE_HIDPI_IMAGES = YES;
				GENERATE_INFOPLIST_FILE = YES;
				LD_RUNPATH_SEARCH_PATHS = (
					"$(inherited)",
					"@executable_path/../Frameworks",
					"@loader_path/../Frameworks",
				);
				PRODUCT_BUNDLE_IDENTIFIER = com.srichand.UpNextTests;
				SDKROOT = macosx;
				TEST_HOST = "";
			};
			name = Release;
		};
/* End XCBuildConfiguration section */

/* Begin XCConfigurationList section */
		10813713E2E716E587ED95F6 /* Build configuration list for PBXNativeTarget "UpNext" */ = {
			isa = XCConfigurationList;
			buildConfigurations = (
				67EF0B7A5B75238F852458D7 /* Debug */,
				06D59E609097F17099D5B255 /* Release */,
			);
			defaultConfigurationIsVisible = 0;
			defaultConfigurationName = Debug;
		};
		70E9813DADB1460E83EB4902 /* Build configuration list for PBXNativeTarget "UpNextTests" */ = {
			isa = XCConfigurationList;
			buildConfigurations = (
				7EB08C2BE98256CFCC210E3B /* Debug */,
				8F1C34E489C6AAADD7D27658 /* Release */,
			);
			defaultConfigurationIsVisible = 0;
			defaultConfigurationName = Debug;
		};
		7525BEF195043BA7B8C21931 /* Build configuration list for PBXProject "UpNext" */ = {
			isa = XCConfigurationList;
			buildConfigurations = (
				58254E7CF877C1F9455033BE /* Debug */,
				3919862D1E1845900FD8A6F8 /* Release */,
			);
			defaultConfigurationIsVisible = 0;
			defaultConfigurationName = Debug;
		};
/* End XCConfigurationList section */

/* Begin XCLocalSwiftPackageReference section */
		5B799306E80BC62889B6F7A6 /* XCLocalSwiftPackageReference "." */ = {
			isa = XCLocalSwiftPackageReference;
			relativePath = .;
		};
/* End XCLocalSwiftPackageReference section */

/* Begin XCSwiftPackageProductDependency section */
		2FC720BDBB91926ACF8142CE /* UpNextCore */ = {
			isa = XCSwiftPackageProductDependency;
			productName = UpNextCore;
		};
		30E215AD4424833A114FC681 /* UpNextCore */ = {
			isa = XCSwiftPackageProductDependency;
			productName = UpNextCore;
		};
/* End XCSwiftPackageProductDependency section */
	};
	rootObject = CE5EDB827C540082068BDA99 /* Project object */;
}
